
Microsoft Visual Studio Solution File, Format Version 12.00
# Visual Studio Version 17
VisualStudioVersion = 17.3.32901.215
MinimumVisualStudioVersion = 10.0.40219.1
Project("{FAE04EC0-301F-11D3-BF4B-00C04F79EFBC}") = "Day01", "Day01\Day01.csproj", "{943CEC4B-01C4-4689-9ADE-7A772FDB1F0C}"
EndProject
Project("{FAE04EC0-301F-11D3-BF4B-00C04F79EFBC}") = "Day04", "Day04\Day04.csproj", "{78535C88-5C0C-4EBE-974D-FD0FFA0DE1AB}"
EndProject
Project("{FAE04EC0-301F-11D3-BF4B-00C04F79EFBC}") = "Theme_2_variant_13", "Theme_2_variant_13\Theme_2_variant_13.csproj", "{6CDA69DA-AC3E-4E07-8AA1-7334E123C0C6}"
EndProject
Project("{FAE04EC0-301F-11D3-BF4B-00C04F79EFBC}") = "Day03", "Day03\Day03.csproj", "{50E3BF5D-3402-4A97-BAB9-E6C59FEFA003}"
EndProject
Project("{FAE04EC0-301F-11D3-BF4B-00C04F79EFBC}") = "Day05", "Day05\Day05.csproj", "{A573C828-A06B-4B0C-84D1-FA0D747EEC98}"
EndProject
Project("{FAE04EC0-301F-11D3-BF4B-00C04F79EFBC}") = "Day06", "Day06\Day06.csproj", "{96D0A001-73EF-4A98-9365-C5CE30D9D162}"
EndProject
Project("{FAE04EC0-301F-11D3-BF4B-00C04F79EFBC}") = "Day07", "Day07\Day07.csproj", "{93388E5B-C06B-4B6D-B9C1-A7E0C196B991}"
EndProject
Project("{FAE04EC0-301F-11D3-BF4B-00C04F79EFBC}") = "Day08", "Day08\Day08.csproj", "{42B12656-1985-4FBB-8F6A-5B776204726A}"
EndProject
Project("{FAE04EC0-301F-11D3-BF4B-00C04F79EFBC}") = "Day09", "Day09\Day09.csproj", "{8548C8CE-DAA3-4BF1-B243-300A3293F48C}"
EndProject
Project("{FAE04EC0-301F-11D3-BF4B-00C04F79EFBC}") = "Day10", "Day10\Day10.csproj", "{CA7249F0-9F81-42CC-9F80-C5A81DA8DD51}"
EndProject
Project("{FAE04EC0-301F-11D3-BF4B-00C04F79EFBC}") = "Day10_02", "Day10_02\Day10_02.csproj", "{E5E49E04-EDE5-44EC-86A2-31FE2E7E8BF9}"
EndProject
Global
	GlobalSection(SolutionConfigurationPlatforms) = preSolution
		Debug|Any CPU = Debug|Any CPU
		Release|Any CPU = Release|Any CPU
	EndGlobalSection
	GlobalSection(ProjectConfigurationPlatforms) = postSolution
		{943CEC4B-01C4-4689-9ADE-7A772FDB1F0C}.Debug|Any CPU.ActiveCfg = Debug|Any CPU
		{943CEC4B-01C4-4689-9ADE-7A772FDB1F0C}.Debug|Any CPU.Build.0 = Debug|Any CPU
		{943CEC4B-01C4-4689-9ADE-7A772FDB1F0C}.Release|Any CPU.ActiveCfg = Release|Any CPU
		{943CEC4B-01C4-4689-9ADE-7A772FDB1F0C}.Release|Any CPU.Build.0 = Release|Any CPU
		{78535C88-5C0C-4EBE-974D-FD0FFA0DE1AB}.Debug|Any CPU.ActiveCfg = Debug|Any CPU
		{78535C88-5C0C-4EBE-974D-FD0FFA0DE1AB}.Debug|Any CPU.Build.0 = Debug|Any CPU
		{78535C88-5C0C-4EBE-974D-FD0FFA0DE1AB}.Release|Any CPU.ActiveCfg = Release|Any CPU
		{78535C88-5C0C-4EBE-974D-FD0FFA0DE1AB}.Release|Any CPU.Build.0 = Release|Any CPU
		{6CDA69DA-AC3E-4E07-8AA1-7334E123C0C6}.Debug|Any CPU.ActiveCfg = Debug|Any CPU
		{6CDA69DA-AC3E-4E07-8AA1-7334E123C0C6}.Debug|Any CPU.Build.0 = Debug|Any CPU
		{6CDA69DA-AC3E-4E07-8AA1-7334E123C0C6}.Release|Any CPU.ActiveCfg = Release|Any CPU
		{6CDA69DA-AC3E-4E07-8AA1-7334E123C0C6}.Release|Any CPU.Build.0 = Release|Any CPU
		{50E3BF5D-3402-4A97-BAB9-E6C59FEFA003}.Debug|Any CPU.ActiveCfg = Debug|Any CPU
		{50E3BF5D-3402-4A97-BAB9-E6C59FEFA003}.Debug|Any CPU.Build.0 = Debug|Any CPU
		{50E3BF5D-3402-4A97-BAB9-E6C59FEFA003}.Release|Any CPU.ActiveCfg = Release|Any CPU
		{50E3BF5D-3402-4A97-BAB9-E6C59FEFA003}.Release|Any CPU.Build.0 = Release|Any CPU
		{A573C828-A06B-4B0C-84D1-FA0D747EEC98}.Debug|Any CPU.ActiveCfg = Debug|Any CPU
		{A573C828-A06B-4B0C-84D1-FA0D747EEC98}.Debug|Any CPU.Build.0 = Debug|Any CPU
		{A573C828-A06B-4B0C-84D1-FA0D747EEC98}.Release|Any CPU.ActiveCfg = Release|Any CPU
		{A573C828-A06B-4B0C-84D1-FA0D747EEC98}.Release|Any CPU.Build.0 = Release|Any CPU
		{96D0A001-73EF-4A98-9365-C5CE30D9D162}.Debug|Any CPU.ActiveCfg = Debug|Any CPU
		{96D0A001-73EF-4A98-9365-C5CE30D9D162}.Debug|Any CPU.Build.0 = Debug|Any CPU
		{96D0A001-73EF-4A98-9365-C5CE30D9D162}.Release|Any CPU.ActiveCfg = Release|Any CPU
		{96D0A001-73EF-4A98-9365-C5CE30D9D162}.Release|Any CPU.Build.0 = Release|Any CPU
		{93388E5B-C06B-4B6D-B9C1-A7E0C196B991}.Debug|Any CPU.ActiveCfg = Debug|Any CPU
		{93388E5B-C06B-4B6D-B9C1-A7E0C196B991}.Debug|Any CPU.Build.0 = Debug|Any CPU
		{93388E5B-C06B-4B6D-B9C1-A7E0C196B991}.Release|Any CPU.ActiveCfg = Release|Any CPU
		{93388E5B-C06B-4B6D-B9C1-A7E0C196B991}.Release|Any CPU.Build.0 = Release|Any CPU
		{42B12656-1985-4FBB-8F6A-5B776204726A}.Debug|Any CPU.ActiveCfg = Debug|Any CPU
		{42B12656-1985-4FBB-8F6A-5B776204726A}.Debug|Any CPU.Build.0 = Debug|Any CPU
		{42B12656-1985-4FBB-8F6A-5B776204726A}.Release|Any CPU.ActiveCfg = Release|Any CPU
		{42B12656-1985-4FBB-8F6A-5B776204726A}.Release|Any CPU.Build.0 = Release|Any CPU
		{8548C8CE-DAA3-4BF1-B243-300A3293F48C}.Debug|Any CPU.ActiveCfg = Debug|Any CPU
		{8548C8CE-DAA3-4BF1-B243-300A3293F48C}.Debug|Any CPU.Build.0 = Debug|Any CPU
		{8548C8CE-DAA3-4BF1-B243-300A3293F48C}.Release|Any CPU.ActiveCfg = Release|Any CPU
		{8548C8CE-DAA3-4BF1-B243-300A3293F48C}.Release|Any CPU.Build.0 = Release|Any CPU
		{CA7249F0-9F81-42CC-9F80-C5A81DA8DD51}.Debug|Any CPU.ActiveCfg = Debug|Any CPU
		{CA7249F0-9F81-42CC-9F80-C5A81DA8DD51}.Debug|Any CPU.Build.0 = Debug|Any CPU
		{CA7249F0-9F81-42CC-9F80-C5A81DA8DD51}.Release|Any CPU.ActiveCfg = Release|Any CPU
		{CA7249F0-9F81-42CC-9F80-C5A81DA8DD51}.Release|Any CPU.Build.0 = Release|Any CPU
		{E5E49E04-EDE5-44EC-86A2-31FE2E7E8BF9}.Debug|Any CPU.ActiveCfg = Debug|Any CPU
		{E5E49E04-EDE5-44EC-86A2-31FE2E7E8BF9}.Debug|Any CPU.Build.0 = Debug|Any CPU
		{E5E49E04-EDE5-44EC-86A2-31FE2E7E8BF9}.Release|Any CPU.ActiveCfg = Release|Any CPU
		{E5E49E04-EDE5-44EC-86A2-31FE2E7E8BF9}.Release|Any CPU.Build.0 = Release|Any CPU
	EndGlobalSection
	GlobalSection(SolutionProperties) = preSolution
		HideSolutionNode = FALSE
	EndGlobalSection
	GlobalSection(ExtensibilityGlobals) = postSolution
		SolutionGuid = {C9D7B955-EC7B-4475-8FCD-220CD03F090C}
	EndGlobalSection
EndGlobal
